
Microsoft Visual Studio Solution File, Format Version 12.00
# Visual Studio Version 16
VisualStudioVersion = 16.0.29215.179
MinimumVisualStudioVersion = 10.0.40219.1
Project("{FAE04EC0-301F-11D3-BF4B-00C04F79EFBC}") = "CosmicDefender", "CosmicDefender.csproj", "{9DC64620-B43F-4862-AD7B-57074559F5E5}"
EndProject
Global
	GlobalSection(SolutionConfigurationPlatforms) = preSolution
		Debug|Any CPU = Debug|Any CPU
		Release|Any CPU = Release|Any CPU
	EndGlobalSection
	GlobalSection(ProjectConfigurationPlatforms) = postSolution
		{9DC64620-B43F-4862-AD7B-57074559F5E5}.Debug|Any CPU.ActiveCfg = Debug|Any CPU
		{9DC64620-B43F-4862-AD7B-57074559F5E5}.Debug|Any CPU.Build.0 = Debug|Any CPU
		{9DC64620-B43F-4862-AD7B-57074559F5E5}.Release|Any CPU.ActiveCfg = Release|Any CPU
		{9DC64620-B43F-4862-AD7B-57074559F5E5}.Release|Any CPU.Build.0 = Release|Any CPU
	EndGlobalSection
	GlobalSection(SolutionProperties) = preSolution
		HideSolutionNode = FALSE
	EndGlobalSection
	GlobalSection(ExtensibilityGlobals) = postSolution
		SolutionGuid = {6A485A3D-6902-47C1-B3B9-AB675317A6BE}
	EndGlobalSection
EndGlobal
